
Microsoft Visual Studio Solution File, Format Version 12.00
# Visual Studio Version 17
VisualStudioVersion = 17.13.35919.96
MinimumVisualStudioVersion = 10.0.40219.1
Project("{8BC9CEB8-8B4A-11D0-8D11-00A0C91BC942}") = "HelloWorld", "HelloWorld\HelloWorld.vcxproj", "{6192B067-395E-450F-BF1D-C164A00B8B9A}"
EndProject
Project("{8BC9CEB8-8B4A-11D0-8D11-00A0C91BC942}") = "DataTypes", "DataTypes\DataTypes.vcxproj", "{4CD498E1-3ECA-4B67-9622-041CE063C039}"
EndProject
Project("{8BC9CEB8-8B4A-11D0-8D11-00A0C91BC942}") = "GuessingGame", "..\GuessingGame\GuessingGame.vcxproj", "{5BC61BC6-C8AD-49BB-A955-1E976ADBE780}"
EndProject
Project("{8BC9CEB8-8B4A-11D0-8D11-00A0C91BC942}") = "memory", "memory\memory.vcxproj", "{5CE7D00C-CABD-4DBF-88E6-B54B494E5B88}"
EndProject
Project("{8BC9CEB8-8B4A-11D0-8D11-00A0C91BC942}") = "Containers", "Containers\Containers.vcxproj", "{2EA5A652-8AE0-4C74-B76D-C09E9E008914}"
EndProject
Project("{8BC9CEB8-8B4A-11D0-8D11-00A0C91BC942}") = "MemoryReview", "MemoryReview\MemoryReview.vcxproj", "{92B266AD-BE90-461B-A18C-B21707909D02}"
EndProject
Project("{8BC9CEB8-8B4A-11D0-8D11-00A0C91BC942}") = "OOP", "OOP\OOP.vcxproj", "{04C187AF-F881-41A2-9C85-CDAD9A3C98DA}"
EndProject
Project("{8BC9CEB8-8B4A-11D0-8D11-00A0C91BC942}") = "Classses", "Classses\Classses.vcxproj", "{EB4EC2A3-1F4D-4C5D-971E-A0361AEEC9B2}"
EndProject
Project("{8BC9CEB8-8B4A-11D0-8D11-00A0C91BC942}") = "Streams", "Streams\Streams.vcxproj", "{83CB6BF1-7FF9-44C3-A32D-A37D744F7F03}"
EndProject
Project("{8BC9CEB8-8B4A-11D0-8D11-00A0C91BC942}") = "OperatorOverload", "OperatorOverload\OperatorOverload.vcxproj", "{D191424D-03B2-4284-A061-69B89E49BAAE}"
EndProject
Project("{8BC9CEB8-8B4A-11D0-8D11-00A0C91BC942}") = "Fail", "Fail\Fail.vcxproj", "{3088EEE6-6AB0-495B-B148-BCA5CEAB6901}"
EndProject
Project("{8BC9CEB8-8B4A-11D0-8D11-00A0C91BC942}") = "Template", "Template\Template.vcxproj", "{A91B4027-191F-4F2B-AD18-64812DD50482}"
EndProject
Project("{8BC9CEB8-8B4A-11D0-8D11-00A0C91BC942}") = "Pointer", "C++\C++.vcxproj", "{D1E7608B-7320-4E7A-9304-201038D3D5D9}"
EndProject
Project("{8BC9CEB8-8B4A-11D0-8D11-00A0C91BC942}") = "Fraction", "Fraction\Fraction.vcxproj", "{E5E7C4B4-9166-4BED-A6A0-0495908AF626}"
EndProject
Global
	GlobalSection(SolutionConfigurationPlatforms) = preSolution
		Debug|x64 = Debug|x64
		Debug|x86 = Debug|x86
		Release|x64 = Release|x64
		Release|x86 = Release|x86
	EndGlobalSection
	GlobalSection(ProjectConfigurationPlatforms) = postSolution
		{6192B067-395E-450F-BF1D-C164A00B8B9A}.Debug|x64.ActiveCfg = Debug|x64
		{6192B067-395E-450F-BF1D-C164A00B8B9A}.Debug|x64.Build.0 = Debug|x64
		{6192B067-395E-450F-BF1D-C164A00B8B9A}.Debug|x86.ActiveCfg = Debug|Win32
		{6192B067-395E-450F-BF1D-C164A00B8B9A}.Debug|x86.Build.0 = Debug|Win32
		{6192B067-395E-450F-BF1D-C164A00B8B9A}.Release|x64.ActiveCfg = Release|x64
		{6192B067-395E-450F-BF1D-C164A00B8B9A}.Release|x64.Build.0 = Release|x64
		{6192B067-395E-450F-BF1D-C164A00B8B9A}.Release|x86.ActiveCfg = Release|Win32
		{6192B067-395E-450F-BF1D-C164A00B8B9A}.Release|x86.Build.0 = Release|Win32
		{4CD498E1-3ECA-4B67-9622-041CE063C039}.Debug|x64.ActiveCfg = Debug|x64
		{4CD498E1-3ECA-4B67-9622-041CE063C039}.Debug|x64.Build.0 = Debug|x64
		{4CD498E1-3ECA-4B67-9622-041CE063C039}.Debug|x86.ActiveCfg = Debug|Win32
		{4CD498E1-3ECA-4B67-9622-041CE063C039}.Debug|x86.Build.0 = Debug|Win32
		{4CD498E1-3ECA-4B67-9622-041CE063C039}.Release|x64.ActiveCfg = Release|x64
		{4CD498E1-3ECA-4B67-9622-041CE063C039}.Release|x64.Build.0 = Release|x64
		{4CD498E1-3ECA-4B67-9622-041CE063C039}.Release|x86.ActiveCfg = Release|Win32
		{4CD498E1-3ECA-4B67-9622-041CE063C039}.Release|x86.Build.0 = Release|Win32
		{5BC61BC6-C8AD-49BB-A955-1E976ADBE780}.Debug|x64.ActiveCfg = Debug|x64
		{5BC61BC6-C8AD-49BB-A955-1E976ADBE780}.Debug|x64.Build.0 = Debug|x64
		{5BC61BC6-C8AD-49BB-A955-1E976ADBE780}.Debug|x86.ActiveCfg = Debug|Win32
		{5BC61BC6-C8AD-49BB-A955-1E976ADBE780}.Debug|x86.Build.0 = Debug|Win32
		{5BC61BC6-C8AD-49BB-A955-1E976ADBE780}.Release|x64.ActiveCfg = Release|x64
		{5BC61BC6-C8AD-49BB-A955-1E976ADBE780}.Release|x64.Build.0 = Release|x64
		{5BC61BC6-C8AD-49BB-A955-1E976ADBE780}.Release|x86.ActiveCfg = Release|Win32
		{5BC61BC6-C8AD-49BB-A955-1E976ADBE780}.Release|x86.Build.0 = Release|Win32
		{5CE7D00C-CABD-4DBF-88E6-B54B494E5B88}.Debug|x64.ActiveCfg = Debug|x64
		{5CE7D00C-CABD-4DBF-88E6-B54B494E5B88}.Debug|x64.Build.0 = Debug|x64
		{5CE7D00C-CABD-4DBF-88E6-B54B494E5B88}.Debug|x86.ActiveCfg = Debug|Win32
		{5CE7D00C-CABD-4DBF-88E6-B54B494E5B88}.Debug|x86.Build.0 = Debug|Win32
		{5CE7D00C-CABD-4DBF-88E6-B54B494E5B88}.Release|x64.ActiveCfg = Release|x64
		{5CE7D00C-CABD-4DBF-88E6-B54B494E5B88}.Release|x64.Build.0 = Release|x64
		{5CE7D00C-CABD-4DBF-88E6-B54B494E5B88}.Release|x86.ActiveCfg = Release|Win32
		{5CE7D00C-CABD-4DBF-88E6-B54B494E5B88}.Release|x86.Build.0 = Release|Win32
		{2EA5A652-8AE0-4C74-B76D-C09E9E008914}.Debug|x64.ActiveCfg = Debug|x64
		{2EA5A652-8AE0-4C74-B76D-C09E9E008914}.Debug|x64.Build.0 = Debug|x64
		{2EA5A652-8AE0-4C74-B76D-C09E9E008914}.Debug|x86.ActiveCfg = Debug|Win32
		{2EA5A652-8AE0-4C74-B76D-C09E9E008914}.Debug|x86.Build.0 = Debug|Win32
		{2EA5A652-8AE0-4C74-B76D-C09E9E008914}.Release|x64.ActiveCfg = Release|x64
		{2EA5A652-8AE0-4C74-B76D-C09E9E008914}.Release|x64.Build.0 = Release|x64
		{2EA5A652-8AE0-4C74-B76D-C09E9E008914}.Release|x86.ActiveCfg = Release|Win32
		{2EA5A652-8AE0-4C74-B76D-C09E9E008914}.Release|x86.Build.0 = Release|Win32
		{92B266AD-BE90-461B-A18C-B21707909D02}.Debug|x64.ActiveCfg = Debug|x64
		{92B266AD-BE90-461B-A18C-B21707909D02}.Debug|x64.Build.0 = Debug|x64
		{92B266AD-BE90-461B-A18C-B21707909D02}.Debug|x86.ActiveCfg = Debug|Win32
		{92B266AD-BE90-461B-A18C-B21707909D02}.Debug|x86.Build.0 = Debug|Win32
		{92B266AD-BE90-461B-A18C-B21707909D02}.Release|x64.ActiveCfg = Release|x64
		{92B266AD-BE90-461B-A18C-B21707909D02}.Release|x64.Build.0 = Release|x64
		{92B266AD-BE90-461B-A18C-B21707909D02}.Release|x86.ActiveCfg = Release|Win32
		{92B266AD-BE90-461B-A18C-B21707909D02}.Release|x86.Build.0 = Release|Win32
		{04C187AF-F881-41A2-9C85-CDAD9A3C98DA}.Debug|x64.ActiveCfg = Debug|x64
		{04C187AF-F881-41A2-9C85-CDAD9A3C98DA}.Debug|x64.Build.0 = Debug|x64
		{04C187AF-F881-41A2-9C85-CDAD9A3C98DA}.Debug|x86.ActiveCfg = Debug|Win32
		{04C187AF-F881-41A2-9C85-CDAD9A3C98DA}.Debug|x86.Build.0 = Debug|Win32
		{04C187AF-F881-41A2-9C85-CDAD9A3C98DA}.Release|x64.ActiveCfg = Release|x64
		{04C187AF-F881-41A2-9C85-CDAD9A3C98DA}.Release|x64.Build.0 = Release|x64
		{04C187AF-F881-41A2-9C85-CDAD9A3C98DA}.Release|x86.ActiveCfg = Release|Win32
		{04C187AF-F881-41A2-9C85-CDAD9A3C98DA}.Release|x86.Build.0 = Release|Win32
		{EB4EC2A3-1F4D-4C5D-971E-A0361AEEC9B2}.Debug|x64.ActiveCfg = Debug|x64
		{EB4EC2A3-1F4D-4C5D-971E-A0361AEEC9B2}.Debug|x64.Build.0 = Debug|x64
		{EB4EC2A3-1F4D-4C5D-971E-A0361AEEC9B2}.Debug|x86.ActiveCfg = Debug|Win32
		{EB4EC2A3-1F4D-4C5D-971E-A0361AEEC9B2}.Debug|x86.Build.0 = Debug|Win32
		{EB4EC2A3-1F4D-4C5D-971E-A0361AEEC9B2}.Release|x64.ActiveCfg = Release|x64
		{EB4EC2A3-1F4D-4C5D-971E-A0361AEEC9B2}.Release|x64.Build.0 = Release|x64
		{EB4EC2A3-1F4D-4C5D-971E-A0361AEEC9B2}.Release|x86.ActiveCfg = Release|Win32
		{EB4EC2A3-1F4D-4C5D-971E-A0361AEEC9B2}.Release|x86.Build.0 = Release|Win32
		{83CB6BF1-7FF9-44C3-A32D-A37D744F7F03}.Debug|x64.ActiveCfg = Debug|x64
		{83CB6BF1-7FF9-44C3-A32D-A37D744F7F03}.Debug|x64.Build.0 = Debug|x64
		{83CB6BF1-7FF9-44C3-A32D-A37D744F7F03}.Debug|x86.ActiveCfg = Debug|Win32
		{83CB6BF1-7FF9-44C3-A32D-A37D744F7F03}.Debug|x86.Build.0 = Debug|Win32
		{83CB6BF1-7FF9-44C3-A32D-A37D744F7F03}.Release|x64.ActiveCfg = Release|x64
		{83CB6BF1-7FF9-44C3-A32D-A37D744F7F03}.Release|x64.Build.0 = Release|x64
		{83CB6BF1-7FF9-44C3-A32D-A37D744F7F03}.Release|x86.ActiveCfg = Release|Win32
		{83CB6BF1-7FF9-44C3-A32D-A37D744F7F03}.Release|x86.Build.0 = Release|Win32
		{D191424D-03B2-4284-A061-69B89E49BAAE}.Debug|x64.ActiveCfg = Debug|x64
		{D191424D-03B2-4284-A061-69B89E49BAAE}.Debug|x64.Build.0 = Debug|x64
		{D191424D-03B2-4284-A061-69B89E49BAAE}.Debug|x86.ActiveCfg = Debug|Win32
		{D191424D-03B2-4284-A061-69B89E49BAAE}.Debug|x86.Build.0 = Debug|Win32
		{D191424D-03B2-4284-A061-69B89E49BAAE}.Release|x64.ActiveCfg = Release|x64
		{D191424D-03B2-4284-A061-69B89E49BAAE}.Release|x64.Build.0 = Release|x64
		{D191424D-03B2-4284-A061-69B89E49BAAE}.Release|x86.ActiveCfg = Release|Win32
		{D191424D-03B2-4284-A061-69B89E49BAAE}.Release|x86.Build.0 = Release|Win32
		{3088EEE6-6AB0-495B-B148-BCA5CEAB6901}.Debug|x64.ActiveCfg = Debug|x64
		{3088EEE6-6AB0-495B-B148-BCA5CEAB6901}.Debug|x64.Build.0 = Debug|x64
		{3088EEE6-6AB0-495B-B148-BCA5CEAB6901}.Debug|x86.ActiveCfg = Debug|Win32
		{3088EEE6-6AB0-495B-B148-BCA5CEAB6901}.Debug|x86.Build.0 = Debug|Win32
		{3088EEE6-6AB0-495B-B148-BCA5CEAB6901}.Release|x64.ActiveCfg = Release|x64
		{3088EEE6-6AB0-495B-B148-BCA5CEAB6901}.Release|x64.Build.0 = Release|x64
		{3088EEE6-6AB0-495B-B148-BCA5CEAB6901}.Release|x86.ActiveCfg = Release|Win32
		{3088EEE6-6AB0-495B-B148-BCA5CEAB6901}.Release|x86.Build.0 = Release|Win32
		{A91B4027-191F-4F2B-AD18-64812DD50482}.Debug|x64.ActiveCfg = Debug|x64
		{A91B4027-191F-4F2B-AD18-64812DD50482}.Debug|x64.Build.0 = Debug|x64
		{A91B4027-191F-4F2B-AD18-64812DD50482}.Debug|x86.ActiveCfg = Debug|Win32
		{A91B4027-191F-4F2B-AD18-64812DD50482}.Debug|x86.Build.0 = Debug|Win32
		{A91B4027-191F-4F2B-AD18-64812DD50482}.Release|x64.ActiveCfg = Release|x64
		{A91B4027-191F-4F2B-AD18-64812DD50482}.Release|x64.Build.0 = Release|x64
		{A91B4027-191F-4F2B-AD18-64812DD50482}.Release|x86.ActiveCfg = Release|Win32
		{A91B4027-191F-4F2B-AD18-64812DD50482}.Release|x86.Build.0 = Release|Win32
		{D1E7608B-7320-4E7A-9304-201038D3D5D9}.Debug|x64.ActiveCfg = Debug|x64
		{D1E7608B-7320-4E7A-9304-201038D3D5D9}.Debug|x64.Build.0 = Debug|x64
		{D1E7608B-7320-4E7A-9304-201038D3D5D9}.Debug|x86.ActiveCfg = Debug|Win32
		{D1E7608B-7320-4E7A-9304-201038D3D5D9}.Debug|x86.Build.0 = Debug|Win32
		{D1E7608B-7320-4E7A-9304-201038D3D5D9}.Release|x64.ActiveCfg = Release|x64
		{D1E7608B-7320-4E7A-9304-201038D3D5D9}.Release|x64.Build.0 = Release|x64
		{D1E7608B-7320-4E7A-9304-201038D3D5D9}.Release|x86.ActiveCfg = Release|Win32
		{D1E7608B-7320-4E7A-9304-201038D3D5D9}.Release|x86.Build.0 = Release|Win32
		{E5E7C4B4-9166-4BED-A6A0-0495908AF626}.Debug|x64.ActiveCfg = Debug|x64
		{E5E7C4B4-9166-4BED-A6A0-0495908AF626}.Debug|x64.Build.0 = Debug|x64
		{E5E7C4B4-9166-4BED-A6A0-0495908AF626}.Debug|x86.ActiveCfg = Debug|Win32
		{E5E7C4B4-9166-4BED-A6A0-0495908AF626}.Debug|x86.Build.0 = Debug|Win32
		{E5E7C4B4-9166-4BED-A6A0-0495908AF626}.Release|x64.ActiveCfg = Release|x64
		{E5E7C4B4-9166-4BED-A6A0-0495908AF626}.Release|x64.Build.0 = Release|x64
		{E5E7C4B4-9166-4BED-A6A0-0495908AF626}.Release|x86.ActiveCfg = Release|Win32
		{E5E7C4B4-9166-4BED-A6A0-0495908AF626}.Release|x86.Build.0 = Release|Win32
	EndGlobalSection
	GlobalSection(SolutionProperties) = preSolution
		HideSolutionNode = FALSE
	EndGlobalSection
	GlobalSection(ExtensibilityGlobals) = postSolution
		SolutionGuid = {0E67BAF2-164F-4BE6-B4FF-3FD089E921B0}
	EndGlobalSection
EndGlobal
